
Microsoft Visual Studio Solution File, Format Version 12.00
# Visual Studio Version 16
VisualStudioVersion = 16.0.29318.209
MinimumVisualStudioVersion = 10.0.40219.1
Project("{FAE04EC0-301F-11D3-BF4B-00C04F79EFBC}") = "GestureGame", "GestureGame\GestureGame.csproj", "{6E000C88-93CE-4B92-9056-96658708CB4F}"
EndProject
Global
	GlobalSection(SolutionConfigurationPlatforms) = preSolution
		Debug|Any CPU = Debug|Any CPU
		Release|Any CPU = Release|Any CPU
	EndGlobalSection
	GlobalSection(ProjectConfigurationPlatforms) = postSolution
		{6E000C88-93CE-4B92-9056-96658708CB4F}.Debug|Any CPU.ActiveCfg = Debug|Any CPU
		{6E000C88-93CE-4B92-9056-96658708CB4F}.Debug|Any CPU.Build.0 = Debug|Any CPU
		{6E000C88-93CE-4B92-9056-96658708CB4F}.Release|Any CPU.ActiveCfg = Release|Any CPU
		{6E000C88-93CE-4B92-9056-96658708CB4F}.Release|Any CPU.Build.0 = Release|Any CPU
	EndGlobalSection
	GlobalSection(SolutionProperties) = preSolution
		HideSolutionNode = FALSE
	EndGlobalSection
	GlobalSection(ExtensibilityGlobals) = postSolution
		SolutionGuid = {A897BA1B-DB87-4D90-9361-3DE89D22DA90}
	EndGlobalSection
EndGlobal
